Microsoft Visual Studio Solution File, Format Version 12.00
# Visual Studio Version 17
VisualStudioVersion = 17.5.2.0
MinimumVisualStudioVersion = 10.0.40219.1
Project("{FAE04EC0-301F-11D3-BF4B-00C04F79EFBC}") = "Exercicio1-aula2", "Exercicio1-aula2\Exercicio1-aula2.csproj", "{D0667ACC-86E9-089E-E8CC-BC80C40066E1}"
EndProject
Project("{FAE04EC0-301F-11D3-BF4B-00C04F79EFBC}") = "Exercicio4-aula2", "Exercicio4-aula2\Exercicio4-aula2.csproj", "{43C6C2E1-8C74-45E3-E3AD-C1FB815C81B2}"
EndProject
Global
	GlobalSection(SolutionConfigurationPlatforms) = preSolution
		Debug|Any CPU = Debug|Any CPU
		Release|Any CPU = Release|Any CPU
	EndGlobalSection
	GlobalSection(ProjectConfigurationPlatforms) = postSolution
		{D0667ACC-86E9-089E-E8CC-BC80C40066E1}.Debug|Any CPU.ActiveCfg = Debug|Any CPU
		{D0667ACC-86E9-089E-E8CC-BC80C40066E1}.Debug|Any CPU.Build.0 = Debug|Any CPU
		{D0667ACC-86E9-089E-E8CC-BC80C40066E1}.Release|Any CPU.ActiveCfg = Release|Any CPU
		{D0667ACC-86E9-089E-E8CC-BC80C40066E1}.Release|Any CPU.Build.0 = Release|Any CPU
		{43C6C2E1-8C74-45E3-E3AD-C1FB815C81B2}.Debug|Any CPU.ActiveCfg = Debug|Any CPU
		{43C6C2E1-8C74-45E3-E3AD-C1FB815C81B2}.Debug|Any CPU.Build.0 = Debug|Any CPU
		{43C6C2E1-8C74-45E3-E3AD-C1FB815C81B2}.Release|Any CPU.ActiveCfg = Release|Any CPU
		{43C6C2E1-8C74-45E3-E3AD-C1FB815C81B2}.Release|Any CPU.Build.0 = Release|Any CPU
	EndGlobalSection
	GlobalSection(SolutionProperties) = preSolution
		HideSolutionNode = FALSE
	EndGlobalSection
	GlobalSection(ExtensibilityGlobals) = postSolution
		SolutionGuid = {E4CA14E1-AC0A-4A0D-8025-9CD4B8A2D3D6}
	EndGlobalSection
EndGlobal
